// !$*UTF8*$!
{
	archiveVersion = 1;
	classes = {
	};
	objectVersion = 50;
	objects = {

/* Begin PBXBuildFile section */
		BCA6CBD226978A03007864B4 /* index.html in Resources */ = {isa = PBXBuildFile; fileRef = BCA6CBD126978A03007864B4 /* index.html */; };
		BCA6CBD426978F51007864B4 /* JSString.swift in Sources */ = {isa = PBXBuildFile; fileRef = BCA6CBD326978F51007864B4 /* JSString.swift */; };
		BCFE61B326965EFB00325A63 /* AppDelegate.swift in Sources */ = {isa = PBXBuildFile; fileRef = BCFE61B226965EFB00325A63 /* AppDelegate.swift */; };
		BCFE61B526965EFB00325A63 /* SceneDelegate.swift in Sources */ = {isa = PBXBuildFile; fileRef = BCFE61B426965EFB00325A63 /* SceneDelegate.swift */; };
		BCFE61B726965EFB00325A63 /* ViewController.swift in Sources */ = {isa = PBXBuildFile; fileRef = BCFE61B626965EFB00325A63 /* ViewController.swift */; };
		BCFE61BA26965EFB00325A63 /* Main.storyboard in Resources */ = {isa = PBXBuildFile; fileRef = BCFE61B826965EFB00325A63 /* Main.storyboard */; };
		BCFE61BC26965EFB00325A63 /* Assets.xcassets in Resources */ = {isa = PBXBuildFile; fileRef = BCFE61BB26965EFB00325A63 /* Assets.xcassets */; };
		BCFE61BF26965EFB00325A63 /* LaunchScreen.storyboard in Resources */ = {isa = PBXBuildFile; fileRef = BCFE61BD26965EFB00325A63 /* LaunchScreen.storyboard */; };
		BCFE61C726965FAC00325A63 /* WebViewController.swift in Sources */ = {isa = PBXBuildFile; fileRef = BCFE61C626965FAC00325A63 /* WebViewController.swift */; };
/* End PBXBuildFile section */

/* Begin PBXFileReference section */
		BCA6CBD126978A03007864B4 /* index.html */ = {isa = PBXFileReference; fileEncoding = 4; lastKnownFileType = text.html; path = index.html; sourceTree = "<group>"; };
		BCA6CBD326978F51007864B4 /* JSString.swift */ = {isa = PBXFileReference; lastKnownFileType = sourcecode.swift; path = JSString.swift; sourceTree = "<group>"; };
		BCFE61AF26965EFB00325A63 /* WebKitPraictice.app */ = {isa = PBXFileReference; explicitFileType = wrapper.application; includeInIndex = 0; path = WebKitPraictice.app; sourceTree = BUILT_PRODUCTS_DIR; };
		BCFE61B226965EFB00325A63 /* AppDelegate.swift */ = {isa = PBXFileReference; lastKnownFileType = sourcecode.swift; path = AppDelegate.swift; sourceTree = "<group>"; };
		BCFE61B426965EFB00325A63 /* SceneDelegate.swift */ = {isa = PBXFileReference; lastKnownFileType = sourcecode.swift; path = SceneDelegate.swift; sourceTree = "<group>"; };
		BCFE61B626965EFB00325A63 /* ViewController.swift */ = {isa = PBXFileReference; lastKnownFileType = sourcecode.swift; path = ViewController.swift; sourceTree = "<group>"; };
		BCFE61B926965EFB00325A63 /* Base */ = {isa = PBXFileReference; lastKnownFileType = file.storyboard; name = Base; path = Base.lproj/Main.storyboard; sourceTree = "<group>"; };
		BCFE61BB26965EFB00325A63 /* Assets.xcassets */ = {isa = PBXFileReference; lastKnownFileType = folder.assetcatalog; path = Assets.xcassets; sourceTree = "<group>"; };
		BCFE61BE26965EFB00325A63 /* Base */ = {isa = PBXFileReference; lastKnownFileType = file.storyboard; name = Base; path = Base.lproj/LaunchScreen.storyboard; sourceTree = "<group>"; };
		BCFE61C026965EFC00325A63 /* Info.plist */ = {isa = PBXFileReference; lastKnownFileType = text.plist.xml; path = Info.plist; sourceTree = "<group>"; };
		BCFE61C626965FAC00325A63 /* WebViewController.swift */ = {isa = PBXFileReference; lastKnownFileType = sourcecode.swift; path = WebViewController.swift; sourceTree = "<group>"; };
/* End PBXFileReference section */

/* Begin PBXFrameworksBuildPhase section */
		BCFE61AC26965EFB00325A63 /* Frameworks */ = {
			isa = PBXFrameworksBuildPhase;
			buildActionMask = 2147483647;
			files = (
			);
			runOnlyForDeploymentPostprocessing = 0;
		};
/* End PBXFrameworksBuildPhase section */

/* Begin PBXGroup section */
		BCFE61A626965EFA00325A63 = {
			isa = PBXGroup;
			children = (
				BCFE61B126965EFB00325A63 /* WebKitPraictice */,
				BCFE61B026965EFB00325A63 /* Products */,
			);
			sourceTree = "<group>";
		};
		BCFE61B026965EFB00325A63 /* Products */ = {
			isa = PBXGroup;
			children = (
				BCFE61AF26965EFB00325A63 /* WebKitPraictice.app */,
			);
			name = Products;
			sourceTree = "<group>";
		};
		BCFE61B126965EFB00325A63 /* WebKitPraictice */ = {
			isa = PBXGroup;
			children = (
				BCA6CBD126978A03007864B4 /* index.html */,
				BCA6CBD326978F51007864B4 /* JSString.swift */,
				BCFE61B226965EFB00325A63 /* AppDelegate.swift */,
				BCFE61B426965EFB00325A63 /* SceneDelegate.swift */,
				BCFE61B626965EFB00325A63 /* ViewController.swift */,
				BCFE61B826965EFB00325A63 /* Main.storyboard */,
				BCFE61C626965FAC00325A63 /* WebViewController.swift */,
				BCFE61BB26965EFB00325A63 /* Assets.xcassets */,
				BCFE61BD26965EFB00325A63 /* LaunchScreen.storyboard */,
				BCFE61C026965EFC00325A63 /* Info.plist */,
			);
			path = WebKitPraictice;
			sourceTree = "<group>";
		};
/* End PBXGroup section */

/* Begin PBXNativeTarget section */
		BCFE61AE26965EFB00325A63 /* WebKitPraictice */ = {
			isa = PBXNativeTarget;
			buildConfigurationList = BCFE61C326965EFC00325A63 /* Build configuration list for PBXNativeTarget "WebKitPraictice" */;
			buildPhases = (
				BCFE61AB26965EFB00325A63 /* Sources */,
				BCFE61AC26965EFB00325A63 /* Frameworks */,
				BCFE61AD26965EFB00325A63 /* Resources */,
			);
			buildRules = (
			);
			dependencies = (
			);
			name = WebKitPraictice;
			productName = WebKitPraictice;
			productReference = BCFE61AF26965EFB00325A63 /* WebKitPraictice.app */;
			productType = "com.apple.product-type.application";
		};
/* End PBXNativeTarget section */

/* Begin PBXProject section */
		BCFE61A726965EFA00325A63 /* Project object */ = {
			isa = PBXProject;
			attributes = {
				LastSwiftUpdateCheck = 1250;
				LastUpgradeCheck = 1250;
				TargetAttributes = {
					BCFE61AE26965EFB00325A63 = {
						CreatedOnToolsVersion = 12.5.1;
					};
				};
			};
			buildConfigurationList = BCFE61AA26965EFA00325A63 /* Build configuration list for PBXProject "WebKitPraictice" */;
			compatibilityVersion = "Xcode 9.3";
			developmentRegion = en;
			hasScannedForEncodings = 0;
			knownRegions = (
				en,
				Base,
			);
			mainGroup = BCFE61A626965EFA00325A63;
			productRefGroup = BCFE61B026965EFB00325A63 /* Products */;
			projectDirPath = "";
			projectRoot = "";
			targets = (
				BCFE61AE26965EFB00325A63 /* WebKitPraictice */,
			);
		};
/* End PBXProject section */

/* Begin PBXResourcesBuildPhase section */
		BCFE61AD26965EFB00325A63 /* Resources */ = {
			isa = PBXResourcesBuildPhase;
			buildActionMask = 2147483647;
			files = (
				BCFE61BF26965EFB00325A63 /* LaunchScreen.storyboard in Resources */,
				BCA6CBD226978A03007864B4 /* index.html in Resources */,
				BCFE61BC26965EFB00325A63 /* Assets.xcassets in Resources */,
				BCFE61BA26965EFB00325A63 /* Main.storyboard in Resources */,
			);
			runOnlyForDeploymentPostprocessing = 0;
		};
/* End PBXResourcesBuildPhase section */

/* Begin PBXSourcesBuildPhase section */
		BCFE61AB26965EFB00325A63 /* Sources */ = {
			isa = PBXSourcesBuildPhase;
			buildActionMask = 2147483647;
			files = (
				BCFE61B726965EFB00325A63 /* ViewController.swift in Sources */,
				BCFE61B326965EFB00325A63 /* AppDelegate.swift in Sources */,
				BCFE61B526965EFB00325A63 /* SceneDelegate.swift in Sources */,
				BCFE61C726965FAC00325A63 /* WebViewController.swift in Sources */,
				BCA6CBD426978F51007864B4 /* JSString.swift in Sources */,
			);
			runOnlyForDeploymentPostprocessing = 0;
		};
/* End PBXSourcesBuildPhase section */

/* Begin PBXVariantGroup section */
		BCFE61B826965EFB00325A63 /* Main.storyboard */ = {
			isa = PBXVariantGroup;
			children = (
				BCFE61B926965EFB00325A63 /* Base */,
			);
			name = Main.storyboard;
			sourceTree = "<group>";
		};
		BCFE61BD26965EFB00325A63 /* LaunchScreen.storyboard */ = {
			isa = PBXVariantGroup;
			children = (
				BCFE61BE26965EFB00325A63 /* Base */,
			);
			name = LaunchScreen.storyboard;
			sourceTree = "<group>";
		};
/* End PBXVariantGroup section */

/* Begin XCBuildConfiguration section */
		BCFE61C126965EFC00325A63 /* Debug */ = {
			isa = XCBuildConfiguration;
			buildSettings = {
				ALWAYS_SEARCH_USER_PATHS = NO;
				CLANG_ANALYZER_NONNULL = YES;
				CLANG_ANALYZER_NUMBER_OBJECT_CONVERSION = YES_AGGRESSIVE;
				CLANG_CXX_LANGUAGE_STANDARD = "gnu++14";
				CLANG_CXX_LIBRARY = "libc++";
				CLANG_ENABLE_MODULES = YES;
				CLANG_ENABLE_OBJC_ARC = YES;
				CLANG_ENABLE_OBJC_WEAK = YES;
				CLANG_WARN_BLOCK_CAPTURE_AUTORELEASING = YES;
				CLANG_WARN_BOOL_CONVERSION = YES;
				CLANG_WARN_COMMA = YES;
				CLANG_WARN_CONSTANT_CONVERSION = YES;
				CLANG_WARN_DEPRECATED_OBJC_IMPLEMENTATIONS = YES;
				CLANG_WARN_DIRECT_OBJC_ISA_USAGE = YES_ERROR;
				CLANG_WARN_DOCUMENTATION_COMMENTS = YES;
				CLANG_WARN_EMPTY_BODY = YES;
				CLANG_WARN_ENUM_CONVERSION = YES;
				CLANG_WARN_INFINITE_RECURSION = YES;
				CLANG_WARN_INT_CONVERSION = YES;
				CLANG_WARN_NON_LITERAL_NULL_CONVERSION = YES;
				CLANG_WARN_OBJC_IMPLICIT_RETAIN_SELF = YES;
				CLANG_WARN_OBJC_LITERAL_CONVERSION = YES;
				CLANG_WARN_OBJC_ROOT_CLASS = YES_ERROR;
				CLANG_WARN_QUOTED_INCLUDE_IN_FRAMEWORK_HEADER = YES;
				CLANG_WARN_RANGE_LOOP_ANALYSIS = YES;
				CLANG_WARN_STRICT_PROTOTYPES = YES;
				CLANG_WARN_SUSPICIOUS_MOVE = YES;
				CLANG_WARN_UNGUARDED_AVAILABILITY = YES_AGGRESSIVE;
				CLANG_WARN_UNREACHABLE_CODE = YES;
				CLANG_WARN__DUPLICATE_METHOD_MATCH = YES;
				COPY_PHASE_STRIP = NO;
				DEBUG_INFORMATION_FORMAT = dwarf;
				ENABLE_STRICT_OBJC_MSGSEND = YES;
				ENABLE_TESTABILITY = YES;
				GCC_C_LANGUAGE_STANDARD = gnu11;
				GCC_DYNAMIC_NO_PIC = NO;
				GCC_NO_COMMON_BLOCKS = YES;
				GCC_OPTIMIZATION_LEVEL = 0;
				GCC_PREPROCESSOR_DEFINITIONS = (
					"DEBUG=1",
					"$(inherited)",
				);
				GCC_WARN_64_TO_32_BIT_CONVERSION = YES;
				GCC_WARN_ABOUT_RETURN_TYPE = YES_ERROR;
				GCC_WARN_UNDECLARED_SELECTOR = YES;
				GCC_WARN_UNINITIALIZED_AUTOS = YES_AGGRESSIVE;
				GCC_WARN_UNUSED_FUNCTION = YES;
				GCC_WARN_UNUSED_VARIABLE = YES;
				IPHONEOS_DEPLOYMENT_TARGET = 14.5;
				MTL_ENABLE_DEBUG_INFO = INCLUDE_SOURCE;
				MTL_FAST_MATH = YES;
				ONLY_ACTIVE_ARCH = YES;
				SDKROOT = iphoneos;
				SWIFT_ACTIVE_COMPILATION_CONDITIONS = DEBUG;
				SWIFT_OPTIMIZATION_LEVEL = "-Onone";
			};
			name = Debug;
		};
		BCFE61C226965EFC00325A63 /* Release */ = {
			isa = XCBuildConfiguration;
			buildSettings = {
				ALWAYS_SEARCH_USER_PATHS = NO;
				CLANG_ANALYZER_NONNULL = YES;
				CLANG_ANALYZER_NUMBER_OBJECT_CONVERSION = YES_AGGRESSIVE;
				CLANG_CXX_LANGUAGE_STANDARD = "gnu++14";
				CLANG_CXX_LIBRARY = "libc++";
				CLANG_ENABLE_MODULES = YES;
				CLANG_ENABLE_OBJC_ARC = YES;
				CLANG_ENABLE_OBJC_WEAK = YES;
				CLANG_WARN_BLOCK_CAPTURE_AUTORELEASING = YES;
				CLANG_WARN_BOOL_CONVERSION = YES;
				CLANG_WARN_COMMA = YES;
				CLANG_WARN_CONSTANT_CONVERSION = YES;
				CLANG_WARN_DEPRECATED_OBJC_IMPLEMENTATIONS = YES;
				CLANG_WARN_DIRECT_OBJC_ISA_USAGE = YES_ERROR;
				CLANG_WARN_DOCUMENTATION_COMMENTS = YES;
				CLANG_WARN_EMPTY_BODY = YES;
				CLANG_WARN_ENUM_CONVERSION = YES;
				CLANG_WARN_INFINITE_RECURSION = YES;
				CLANG_WARN_INT_CONVERSION = YES;
				CLANG_WARN_NON_LITERAL_NULL_CONVERSION = YES;
				CLANG_WARN_OBJC_IMPLICIT_RETAIN_SELF = YES;
				CLANG_WARN_OBJC_LITERAL_CONVERSION = YES;
				CLANG_WARN_OBJC_ROOT_CLASS = YES_ERROR;
				CLANG_WARN_QUOTED_INCLUDE_IN_FRAMEWORK_HEADER = YES;
				CLANG_WARN_RANGE_LOOP_ANALYSIS = YES;
				CLANG_WARN_STRICT_PROTOTYPES = YES;
				CLANG_WARN_SUSPICIOUS_MOVE = YES;
				CLANG_WARN_UNGUARDED_AVAILABILITY = YES_AGGRESSIVE;
				CLANG_WARN_UNREACHABLE_CODE = YES;
				CLANG_WARN__DUPLICATE_METHOD_MATCH = YES;
				COPY_PHASE_STRIP = NO;
				DEBUG_INFORMATION_FORMAT = "dwarf-with-dsym";
				ENABLE_NS_ASSERTIONS = NO;
				ENABLE_STRICT_OBJC_MSGSEND = YES;
				GCC_C_LANGUAGE_STANDARD = gnu11;
				GCC_NO_COMMON_BLOCKS = YES;
				GCC_WARN_64_TO_32_BIT_CONVERSION = YES;
				GCC_WARN_ABOUT_RETURN_TYPE = YES_ERROR;
				GCC_WARN_UNDECLARED_SELECTOR = YES;
				GCC_WARN_UNINITIALIZED_AUTOS = YES_AGGRESSIVE;
				GCC_WARN_UNUSED_FUNCTION = YES;
				GCC_WARN_UNUSED_VARIABLE = YES;
				IPHONEOS_DEPLOYMENT_TARGET = 14.5;
				MTL_ENABLE_DEBUG_INFO = NO;
				MTL_FAST_MATH = YES;
				SDKROOT = iphoneos;
				SWIFT_COMPILATION_MODE = wholemodule;
				SWIFT_OPTIMIZATION_LEVEL = "-O";
				VALIDATE_PRODUCT = YES;
			};
			name = Release;
		};
		BCFE61C426965EFC00325A63 /* Debug */ = {
			isa = XCBuildConfiguration;
			buildSettings = {
				ASSETCATALOG_COMPILER_APPICON_NAME = AppIcon;
				ASSETCATALOG_COMPILER_GLOBAL_ACCENT_COLOR_NAME = AccentColor;
				CODE_SIGN_STYLE = Automatic;
				DEVELOPMENT_TEAM = 676A84J3QT;
				INFOPLIST_FILE = WebKitPraictice/Info.plist;
				LD_RUNPATH_SEARCH_PATHS = (
					"$(inherited)",
					"@executable_path/Frameworks",
				);
				PRODUCT_BUNDLE_IDENTIFIER = com.RyanKanno.WebKitPraictice;
				PRODUCT_NAME = "$(TARGET_NAME)";
				SWIFT_VERSION = 5.0;
				TARGETED_DEVICE_FAMILY = "1,2";
			};
			name = Debug;
		};
		BCFE61C526965EFC00325A63 /* Release */ = {
			isa = XCBuildConfiguration;
			buildSettings = {
				ASSETCATALOG_COMPILER_APPICON_NAME = AppIcon;
				ASSETCATALOG_COMPILER_GLOBAL_ACCENT_COLOR_NAME = AccentColor;
				CODE_SIGN_STYLE = Automatic;
				DEVELOPMENT_TEAM = 676A84J3QT;
				INFOPLIST_FILE = WebKitPraictice/Info.plist;
				LD_RUNPATH_SEARCH_PATHS = (
					"$(inherited)",
					"@executable_path/Frameworks",
				);
				PRODUCT_BUNDLE_IDENTIFIER = com.RyanKanno.WebKitPraictice;
				PRODUCT_NAME = "$(TARGET_NAME)";
				SWIFT_VERSION = 5.0;
				TARGETED_DEVICE_FAMILY = "1,2";
			};
			name = Release;
		};
/* End XCBuildConfiguration section */

/* Begin XCConfigurationList section */
		BCFE61AA26965EFA00325A63 /* Build configuration list for PBXProject "WebKitPraictice" */ = {
			isa = XCConfigurationList;
			buildConfigurations = (
				BCFE61C126965EFC00325A63 /* Debug */,
				BCFE61C226965EFC00325A63 /* Release */,
			);
			defaultConfigurationIsVisible = 0;
			defaultConfigurationName = Release;
		};
		BCFE61C326965EFC00325A63 /* Build configuration list for PBXNativeTarget "WebKitPraictice" */ = {
			isa = XCConfigurationList;
			buildConfigurations = (
				BCFE61C426965EFC00325A63 /* Debug */,
				BCFE61C526965EFC00325A63 /* Release */,
			);
			defaultConfigurationIsVisible = 0;
			defaultConfigurationName = Release;
		};
/* End XCConfigurationList section */
	};
	rootObject = BCFE61A726965EFA00325A63 /* Project object */;
}
